// !$*UTF8*$!
{
	archiveVersion = 1;
	classes = {
	};
	objectVersion = 46;
	objects = {

/* Begin PBXBuildFile section */
		6D3DF87AF5A10DCF5F527C44 /* Pods_EventsAppVIT.framework in Frameworks */ = {isa = PBXBuildFile; fileRef = 135F78739F9F95029D62EC8C /* Pods_EventsAppVIT.framework */; };
		9F60AE4B1E29438A00BBCD62 /* GoogleService-Info.plist in Resources */ = {isa = PBXBuildFile; fileRef = 9F60AE4A1E29438A00BBCD62 /* GoogleService-Info.plist */; };
		9FBEF0041E27DCAD008DEAB0 /* AppDelegate.swift in Sources */ = {isa = PBXBuildFile; fileRef = 9FBEF0031E27DCAD008DEAB0 /* AppDelegate.swift */; };
		9FBEF0061E27DCAD008DEAB0 /* ViewController.swift in Sources */ = {isa = PBXBuildFile; fileRef = 9FBEF0051E27DCAD008DEAB0 /* ViewController.swift */; };
		9FBEF0091E27DCAD008DEAB0 /* Main.storyboard in Resources */ = {isa = PBXBuildFile; fileRef = 9FBEF0071E27DCAD008DEAB0 /* Main.storyboard */; };
		9FBEF00E1E27DCAD008DEAB0 /* LaunchScreen.storyboard in Resources */ = {isa = PBXBuildFile; fileRef = 9FBEF00C1E27DCAD008DEAB0 /* LaunchScreen.storyboard */; };
		9FBEF0191E27DCAD008DEAB0 /* EventsAppVITTests.swift in Sources */ = {isa = PBXBuildFile; fileRef = 9FBEF0181E27DCAD008DEAB0 /* EventsAppVITTests.swift */; };
		9FBEF0241E27DCAD008DEAB0 /* EventsAppVITUITests.swift in Sources */ = {isa = PBXBuildFile; fileRef = 9FBEF0231E27DCAD008DEAB0 /* EventsAppVITUITests.swift */; };
		9FE345861E2AC4E3007CA722 /* NewsFeedTableViewController.swift in Sources */ = {isa = PBXBuildFile; fileRef = 9FE345851E2AC4E3007CA722 /* NewsFeedTableViewController.swift */; };
		9FE3458A1E2B742E007CA722 /* ClubsTableViewController.swift in Sources */ = {isa = PBXBuildFile; fileRef = 9FE345891E2B742E007CA722 /* ClubsTableViewController.swift */; };
		9FE3458C1E2BA644007CA722 /* NewsFeedCollectionViewCell.swift in Sources */ = {isa = PBXBuildFile; fileRef = 9FE3458B1E2BA644007CA722 /* NewsFeedCollectionViewCell.swift */; };
		9FE3458E1E2C1F69007CA722 /* Assets.xcassets in Resources */ = {isa = PBXBuildFile; fileRef = 9FE3458D1E2C1F69007CA722 /* Assets.xcassets */; };
		9FE345901E2C447C007CA722 /* LikedViewController.swift in Sources */ = {isa = PBXBuildFile; fileRef = 9FE3458F1E2C447C007CA722 /* LikedViewController.swift */; };
		9FE345921E2CB9DA007CA722 /* DemoCell.swift in Sources */ = {isa = PBXBuildFile; fileRef = 9FE345911E2CB9DA007CA722 /* DemoCell.swift */; };
		9FFF19251E2CCA3600833D56 /* FoldingCell.swift in Sources */ = {isa = PBXBuildFile; fileRef = 9FFF19241E2CCA3600833D56 /* FoldingCell.swift */; };
		9FFF19271E2CD3E100833D56 /* ADGLogo.jpg in Resources */ = {isa = PBXBuildFile; fileRef = 9FFF19261E2CD3E100833D56 /* ADGLogo.jpg */; };
		9FFF192D1E2E31FD00833D56 /* EventCardTableViewCell.swift in Sources */ = {isa = PBXBuildFile; fileRef = 9FFF192C1E2E31FD00833D56 /* EventCardTableViewCell.swift */; };
		9FFF192F1E2EAF1D00833D56 /* MainViewController.swift in Sources */ = {isa = PBXBuildFile; fileRef = 9FFF192E1E2EAF1D00833D56 /* MainViewController.swift */; };
		9FFF19311E3006B400833D56 /* Sample.svg in Resources */ = {isa = PBXBuildFile; fileRef = 9FFF19301E3006B400833D56 /* Sample.svg */; };
		9FFF19331E30074F00833D56 /* sample.jpg in Resources */ = {isa = PBXBuildFile; fileRef = 9FFF19321E30074F00833D56 /* sample.jpg */; };
		9FFF19351E3013D700833D56 /* EventTransition.swift in Sources */ = {isa = PBXBuildFile; fileRef = 9FFF19341E3013D700833D56 /* EventTransition.swift */; };
		9FFF19371E3014DA00833D56 /* DetailedEventViewController.swift in Sources */ = {isa = PBXBuildFile; fileRef = 9FFF19361E3014DA00833D56 /* DetailedEventViewController.swift */; };
		9FFF193E1E32A1BB00833D56 /* DataModel.xcdatamodeld in Sources */ = {isa = PBXBuildFile; fileRef = 9FFF193C1E32A1BB00833D56 /* DataModel.xcdatamodeld */; };
		9FFF19401E37D82100833D56 /* CoreData.framework in Frameworks */ = {isa = PBXBuildFile; fileRef = 9FFF193F1E37D82100833D56 /* CoreData.framework */; };
/* End PBXBuildFile section */

/* Begin PBXContainerItemProxy section */
		9FBEF0151E27DCAD008DEAB0 /* PBXContainerItemProxy */ = {
			isa = PBXContainerItemProxy;
			containerPortal = 9FBEEFF81E27DCAD008DEAB0 /* Project object */;
			proxyType = 1;
			remoteGlobalIDString = 9FBEEFFF1E27DCAD008DEAB0;
			remoteInfo = EventsAppVIT;
		};
		9FBEF0201E27DCAD008DEAB0 /* PBXContainerItemProxy */ = {
			isa = PBXContainerItemProxy;
			containerPortal = 9FBEEFF81E27DCAD008DEAB0 /* Project object */;
			proxyType = 1;
			remoteGlobalIDString = 9FBEEFFF1E27DCAD008DEAB0;
			remoteInfo = EventsAppVIT;
		};
/* End PBXContainerItemProxy section */

/* Begin PBXFileReference section */
		135F78739F9F95029D62EC8C /* Pods_EventsAppVIT.framework */ = {isa = PBXFileReference; explicitFileType = wrapper.framework; includeInIndex = 0; path = Pods_EventsAppVIT.framework; sourceTree = BUILT_PRODUCTS_DIR; };
		5650037459066490A56B7CD5 /* Pods-EventsAppVIT.release.xcconfig */ = {isa = PBXFileReference; includeInIndex = 1; lastKnownFileType = text.xcconfig; name = "Pods-EventsAppVIT.release.xcconfig"; path = "Pods/Target Support Files/Pods-EventsAppVIT/Pods-EventsAppVIT.release.xcconfig"; sourceTree = "<group>"; };
		9F60AE4A1E29438A00BBCD62 /* GoogleService-Info.plist */ = {isa = PBXFileReference; fileEncoding = 4; lastKnownFileType = text.plist.xml; path = "GoogleService-Info.plist"; sourceTree = "<group>"; };
		9FBEF0001E27DCAD008DEAB0 /* EventsAppVIT.app */ = {isa = PBXFileReference; explicitFileType = wrapper.application; includeInIndex = 0; path = EventsAppVIT.app; sourceTree = BUILT_PRODUCTS_DIR; };
		9FBEF0031E27DCAD008DEAB0 /* AppDelegate.swift */ = {isa = PBXFileReference; lastKnownFileType = sourcecode.swift; path = AppDelegate.swift; sourceTree = "<group>"; };
		9FBEF0051E27DCAD008DEAB0 /* ViewController.swift */ = {isa = PBXFileReference; lastKnownFileType = sourcecode.swift; path = ViewController.swift; sourceTree = "<group>"; };
		9FBEF0081E27DCAD008DEAB0 /* Base */ = {isa = PBXFileReference; lastKnownFileType = file.storyboard; name = Base; path = Base.lproj/Main.storyboard; sourceTree = "<group>"; };
		9FBEF00D1E27DCAD008DEAB0 /* Base */ = {isa = PBXFileReference; lastKnownFileType = file.storyboard; name = Base; path = Base.lproj/LaunchScreen.storyboard; sourceTree = "<group>"; };
		9FBEF00F1E27DCAD008DEAB0 /* Info.plist */ = {isa = PBXFileReference; lastKnownFileType = text.plist.xml; path = Info.plist; sourceTree = "<group>"; };
		9FBEF0141E27DCAD008DEAB0 /* EventsAppVITTests.xctest */ = {isa = PBXFileReference; explicitFileType = wrapper.cfbundle; includeInIndex = 0; path = EventsAppVITTests.xctest; sourceTree = BUILT_PRODUCTS_DIR; };
		9FBEF0181E27DCAD008DEAB0 /* EventsAppVITTests.swift */ = {isa = PBXFileReference; lastKnownFileType = sourcecode.swift; path = EventsAppVITTests.swift; sourceTree = "<group>"; };
		9FBEF01A1E27DCAD008DEAB0 /* Info.plist */ = {isa = PBXFileReference; lastKnownFileType = text.plist.xml; path = Info.plist; sourceTree = "<group>"; };
		9FBEF01F1E27DCAD008DEAB0 /* EventsAppVITUITests.xctest */ = {isa = PBXFileReference; explicitFileType = wrapper.cfbundle; includeInIndex = 0; path = EventsAppVITUITests.xctest; sourceTree = BUILT_PRODUCTS_DIR; };
		9FBEF0231E27DCAD008DEAB0 /* EventsAppVITUITests.swift */ = {isa = PBXFileReference; lastKnownFileType = sourcecode.swift; path = EventsAppVITUITests.swift; sourceTree = "<group>"; };
		9FBEF0251E27DCAD008DEAB0 /* Info.plist */ = {isa = PBXFileReference; lastKnownFileType = text.plist.xml; path = Info.plist; sourceTree = "<group>"; };
		9FE345851E2AC4E3007CA722 /* NewsFeedTableViewController.swift */ = {isa = PBXFileReference; fileEncoding = 4; lastKnownFileType = sourcecode.swift; path = NewsFeedTableViewController.swift; sourceTree = "<group>"; };
		9FE345891E2B742E007CA722 /* ClubsTableViewController.swift */ = {isa = PBXFileReference; fileEncoding = 4; lastKnownFileType = sourcecode.swift; path = ClubsTableViewController.swift; sourceTree = "<group>"; };
		9FE3458B1E2BA644007CA722 /* NewsFeedCollectionViewCell.swift */ = {isa = PBXFileReference; fileEncoding = 4; lastKnownFileType = sourcecode.swift; path = NewsFeedCollectionViewCell.swift; sourceTree = "<group>"; };
		9FE3458D1E2C1F69007CA722 /* Assets.xcassets */ = {isa = PBXFileReference; lastKnownFileType = folder.assetcatalog; path = Assets.xcassets; sourceTree = "<group>"; };
		9FE3458F1E2C447C007CA722 /* LikedViewController.swift */ = {isa = PBXFileReference; fileEncoding = 4; lastKnownFileType = sourcecode.swift; path = LikedViewController.swift; sourceTree = "<group>"; };
		9FE345911E2CB9DA007CA722 /* DemoCell.swift */ = {isa = PBXFileReference; fileEncoding = 4; lastKnownFileType = sourcecode.swift; path = DemoCell.swift; sourceTree = "<group>"; };
		9FFF19241E2CCA3600833D56 /* FoldingCell.swift */ = {isa = PBXFileReference; fileEncoding = 4; lastKnownFileType = sourcecode.swift; path = FoldingCell.swift; sourceTree = "<group>"; };
		9FFF19261E2CD3E100833D56 /* ADGLogo.jpg */ = {isa = PBXFileReference; lastKnownFileType = image.jpeg; path = ADGLogo.jpg; sourceTree = "<group>"; };
		9FFF192C1E2E31FD00833D56 /* EventCardTableViewCell.swift */ = {isa = PBXFileReference; fileEncoding = 4; lastKnownFileType = sourcecode.swift; path = EventCardTableViewCell.swift; sourceTree = "<group>"; };
		9FFF192E1E2EAF1D00833D56 /* MainViewController.swift */ = {isa = PBXFileReference; fileEncoding = 4; lastKnownFileType = sourcecode.swift; path = MainViewController.swift; sourceTree = "<group>"; };
		9FFF19301E3006B400833D56 /* Sample.svg */ = {isa = PBXFileReference; fileEncoding = 4; lastKnownFileType = text.xml; path = Sample.svg; sourceTree = "<group>"; };
		9FFF19321E30074F00833D56 /* sample.jpg */ = {isa = PBXFileReference; lastKnownFileType = image.jpeg; path = sample.jpg; sourceTree = "<group>"; };
		9FFF19341E3013D700833D56 /* EventTransition.swift */ = {isa = PBXFileReference; fileEncoding = 4; lastKnownFileType = sourcecode.swift; path = EventTransition.swift; sourceTree = "<group>"; };
		9FFF19361E3014DA00833D56 /* DetailedEventViewController.swift */ = {isa = PBXFileReference; fileEncoding = 4; lastKnownFileType = sourcecode.swift; path = DetailedEventViewController.swift; sourceTree = "<group>"; };
		9FFF193D1E32A1BB00833D56 /* DataModel.xcdatamodel */ = {isa = PBXFileReference; lastKnownFileType = wrapper.xcdatamodel; path = DataModel.xcdatamodel; sourceTree = "<group>"; };
		9FFF193F1E37D82100833D56 /* CoreData.framework */ = {isa = PBXFileReference; lastKnownFileType = wrapper.framework; name = CoreData.framework; path = System/Library/Frameworks/CoreData.framework; sourceTree = SDKROOT; };
		FA067B429394D4D8EF5A6354 /* Pods-EventsAppVIT.debug.xcconfig */ = {isa = PBXFileReference; includeInIndex = 1; lastKnownFileType = text.xcconfig; name = "Pods-EventsAppVIT.debug.xcconfig"; path = "Pods/Target Support Files/Pods-EventsAppVIT/Pods-EventsAppVIT.debug.xcconfig"; sourceTree = "<group>"; };
/* End PBXFileReference section */

/* Begin PBXFrameworksBuildPhase section */
		9FBEEFFD1E27DCAD008DEAB0 /* Frameworks */ = {
			isa = PBXFrameworksBuildPhase;
			buildActionMask = 2147483647;
			files = (
				9FFF19401E37D82100833D56 /* CoreData.framework in Frameworks */,
				6D3DF87AF5A10DCF5F527C44 /* Pods_EventsAppVIT.framework in Frameworks */,
			);
			runOnlyForDeploymentPostprocessing = 0;
		};
		9FBEF0111E27DCAD008DEAB0 /* Frameworks */ = {
			isa = PBXFrameworksBuildPhase;
			buildActionMask = 2147483647;
			files = (
			);
			runOnlyForDeploymentPostprocessing = 0;
		};
		9FBEF01C1E27DCAD008DEAB0 /* Frameworks */ = {
			isa = PBXFrameworksBuildPhase;
			buildActionMask = 2147483647;
			files = (
			);
			runOnlyForDeploymentPostprocessing = 0;
		};
/* End PBXFrameworksBuildPhase section */

/* Begin PBXGroup section */
		17EB72F4E0F386722F5DA6B1 /* Pods */ = {
			isa = PBXGroup;
			children = (
				FA067B429394D4D8EF5A6354 /* Pods-EventsAppVIT.debug.xcconfig */,
				5650037459066490A56B7CD5 /* Pods-EventsAppVIT.release.xcconfig */,
			);
			name = Pods;
			sourceTree = "<group>";
		};
		9FBEEFF71E27DCAD008DEAB0 = {
			isa = PBXGroup;
			children = (
				9FBEF0021E27DCAD008DEAB0 /* EventsAppVIT */,
				9FBEF0171E27DCAD008DEAB0 /* EventsAppVITTests */,
				9FBEF0221E27DCAD008DEAB0 /* EventsAppVITUITests */,
				9FBEF0011E27DCAD008DEAB0 /* Products */,
				17EB72F4E0F386722F5DA6B1 /* Pods */,
				FBEAC26D3D1BD0FCE26B9FC3 /* Frameworks */,
			);
			sourceTree = "<group>";
		};
		9FBEF0011E27DCAD008DEAB0 /* Products */ = {
			isa = PBXGroup;
			children = (
				9FBEF0001E27DCAD008DEAB0 /* EventsAppVIT.app */,
				9FBEF0141E27DCAD008DEAB0 /* EventsAppVITTests.xctest */,
				9FBEF01F1E27DCAD008DEAB0 /* EventsAppVITUITests.xctest */,
			);
			name = Products;
			sourceTree = "<group>";
		};
		9FBEF0021E27DCAD008DEAB0 /* EventsAppVIT */ = {
			isa = PBXGroup;
			children = (
				9FBEF0031E27DCAD008DEAB0 /* AppDelegate.swift */,
				9F60AE4A1E29438A00BBCD62 /* GoogleService-Info.plist */,
				9FE345851E2AC4E3007CA722 /* NewsFeedTableViewController.swift */,
				9FE3458B1E2BA644007CA722 /* NewsFeedCollectionViewCell.swift */,
				9FE345891E2B742E007CA722 /* ClubsTableViewController.swift */,
				9FFF193C1E32A1BB00833D56 /* DataModel.xcdatamodeld */,
				9FE3458F1E2C447C007CA722 /* LikedViewController.swift */,
				9FFF19361E3014DA00833D56 /* DetailedEventViewController.swift */,
				9FE345911E2CB9DA007CA722 /* DemoCell.swift */,
				9FBEF0051E27DCAD008DEAB0 /* ViewController.swift */,
				9FFF19241E2CCA3600833D56 /* FoldingCell.swift */,
				9FFF19301E3006B400833D56 /* Sample.svg */,
				9FFF19321E30074F00833D56 /* sample.jpg */,
				9FFF19341E3013D700833D56 /* EventTransition.swift */,
				9FE3458D1E2C1F69007CA722 /* Assets.xcassets */,
				9FFF19261E2CD3E100833D56 /* ADGLogo.jpg */,
				9FBEF0071E27DCAD008DEAB0 /* Main.storyboard */,
				9FFF192C1E2E31FD00833D56 /* EventCardTableViewCell.swift */,
				9FBEF00C1E27DCAD008DEAB0 /* LaunchScreen.storyboard */,
				9FFF192E1E2EAF1D00833D56 /* MainViewController.swift */,
				9FBEF00F1E27DCAD008DEAB0 /* Info.plist */,
			);
			path = EventsAppVIT;
			sourceTree = "<group>";
		};
		9FBEF0171E27DCAD008DEAB0 /* EventsAppVITTests */ = {
			isa = PBXGroup;
			children = (
				9FBEF0181E27DCAD008DEAB0 /* EventsAppVITTests.swift */,
				9FBEF01A1E27DCAD008DEAB0 /* Info.plist */,
			);
			path = EventsAppVITTests;
			sourceTree = "<group>";
		};
		9FBEF0221E27DCAD008DEAB0 /* EventsAppVITUITests */ = {
			isa = PBXGroup;
			children = (
				9FBEF0231E27DCAD008DEAB0 /* EventsAppVITUITests.swift */,
				9FBEF0251E27DCAD008DEAB0 /* Info.plist */,
			);
			path = EventsAppVITUITests;
			sourceTree = "<group>";
		};
		FBEAC26D3D1BD0FCE26B9FC3 /* Frameworks */ = {
			isa = PBXGroup;
			children = (
				9FFF193F1E37D82100833D56 /* CoreData.framework */,
				135F78739F9F95029D62EC8C /* Pods_EventsAppVIT.framework */,
			);
			name = Frameworks;
			sourceTree = "<group>";
		};
/* End PBXGroup section */

/* Begin PBXNativeTarget section */
		9FBEEFFF1E27DCAD008DEAB0 /* EventsAppVIT */ = {
			isa = PBXNativeTarget;
			buildConfigurationList = 9FBEF0281E27DCAD008DEAB0 /* Build configuration list for PBXNativeTarget "EventsAppVIT" */;
			buildPhases = (
				54021226E655172272948CC9 /* [CP] Check Pods Manifest.lock */,
				9FBEEFFC1E27DCAD008DEAB0 /* Sources */,
				9FBEEFFD1E27DCAD008DEAB0 /* Frameworks */,
				9FBEEFFE1E27DCAD008DEAB0 /* Resources */,
				2296535C9C3719822081BDAB /* [CP] Embed Pods Frameworks */,
				3B0B04467516D4D04D549DF6 /* [CP] Copy Pods Resources */,
			);
			buildRules = (
			);
			dependencies = (
			);
			name = EventsAppVIT;
			productName = EventsAppVIT;
			productReference = 9FBEF0001E27DCAD008DEAB0 /* EventsAppVIT.app */;
			productType = "com.apple.product-type.application";
		};
		9FBEF0131E27DCAD008DEAB0 /* EventsAppVITTests */ = {
			isa = PBXNativeTarget;
			buildConfigurationList = 9FBEF02B1E27DCAD008DEAB0 /* Build configuration list for PBXNativeTarget "EventsAppVITTests" */;
			buildPhases = (
				9FBEF0101E27DCAD008DEAB0 /* Sources */,
				9FBEF0111E27DCAD008DEAB0 /* Frameworks */,
				9FBEF0121E27DCAD008DEAB0 /* Resources */,
			);
			buildRules = (
			);
			dependencies = (
				9FBEF0161E27DCAD008DEAB0 /* PBXTargetDependency */,
			);
			name = EventsAppVITTests;
			productName = EventsAppVITTests;
			productReference = 9FBEF0141E27DCAD008DEAB0 /* EventsAppVITTests.xctest */;
			productType = "com.apple.product-type.bundle.unit-test";
		};
		9FBEF01E1E27DCAD008DEAB0 /* EventsAppVITUITests */ = {
			isa = PBXNativeTarget;
			buildConfigurationList = 9FBEF02E1E27DCAD008DEAB0 /* Build configuration list for PBXNativeTarget "EventsAppVITUITests" */;
			buildPhases = (
				9FBEF01B1E27DCAD008DEAB0 /* Sources */,
				9FBEF01C1E27DCAD008DEAB0 /* Frameworks */,
				9FBEF01D1E27DCAD008DEAB0 /* Resources */,
			);
			buildRules = (
			);
			dependencies = (
				9FBEF0211E27DCAD008DEAB0 /* PBXTargetDependency */,
			);
			name = EventsAppVITUITests;
			productName = EventsAppVITUITests;
			productReference = 9FBEF01F1E27DCAD008DEAB0 /* EventsAppVITUITests.xctest */;
			productType = "com.apple.product-type.bundle.ui-testing";
		};
/* End PBXNativeTarget section */

/* Begin PBXProject section */
		9FBEEFF81E27DCAD008DEAB0 /* Project object */ = {
			isa = PBXProject;
			attributes = {
				LastSwiftUpdateCheck = 0820;
				LastUpgradeCheck = 0820;
				ORGANIZATIONNAME = TrueOneblahVIT;
				TargetAttributes = {
					9FBEEFFF1E27DCAD008DEAB0 = {
						CreatedOnToolsVersion = 8.2.1;
						DevelopmentTeam = FNXNAMCZQB;
						ProvisioningStyle = Automatic;
					};
					9FBEF0131E27DCAD008DEAB0 = {
						CreatedOnToolsVersion = 8.2.1;
						ProvisioningStyle = Automatic;
						TestTargetID = 9FBEEFFF1E27DCAD008DEAB0;
					};
					9FBEF01E1E27DCAD008DEAB0 = {
						CreatedOnToolsVersion = 8.2.1;
						ProvisioningStyle = Automatic;
						TestTargetID = 9FBEEFFF1E27DCAD008DEAB0;
					};
				};
			};
			buildConfigurationList = 9FBEEFFB1E27DCAD008DEAB0 /* Build configuration list for PBXProject "EventsAppVIT" */;
			compatibilityVersion = "Xcode 3.2";
			developmentRegion = English;
			hasScannedForEncodings = 0;
			knownRegions = (
				en,
				Base,
			);
			mainGroup = 9FBEEFF71E27DCAD008DEAB0;
			productRefGroup = 9FBEF0011E27DCAD008DEAB0 /* Products */;
			projectDirPath = "";
			projectRoot = "";
			targets = (
				9FBEEFFF1E27DCAD008DEAB0 /* EventsAppVIT */,
				9FBEF0131E27DCAD008DEAB0 /* EventsAppVITTests */,
				9FBEF01E1E27DCAD008DEAB0 /* EventsAppVITUITests */,
			);
		};
/* End PBXProject section */

/* Begin PBXResourcesBuildPhase section */
		9FBEEFFE1E27DCAD008DEAB0 /* Resources */ = {
			isa = PBXResourcesBuildPhase;
			buildActionMask = 2147483647;
			files = (
				9FFF19271E2CD3E100833D56 /* ADGLogo.jpg in Resources */,
				9FBEF00E1E27DCAD008DEAB0 /* LaunchScreen.storyboard in Resources */,
				9FFF19311E3006B400833D56 /* Sample.svg in Resources */,
				9F60AE4B1E29438A00BBCD62 /* GoogleService-Info.plist in Resources */,
				9FE3458E1E2C1F69007CA722 /* Assets.xcassets in Resources */,
				9FFF19331E30074F00833D56 /* sample.jpg in Resources */,
				9FBEF0091E27DCAD008DEAB0 /* Main.storyboard in Resources */,
			);
			runOnlyForDeploymentPostprocessing = 0;
		};
		9FBEF0121E27DCAD008DEAB0 /* Resources */ = {
			isa = PBXResourcesBuildPhase;
			buildActionMask = 2147483647;
			files = (
			);
			runOnlyForDeploymentPostprocessing = 0;
		};
		9FBEF01D1E27DCAD008DEAB0 /* Resources */ = {
			isa = PBXResourcesBuildPhase;
			buildActionMask = 2147483647;
			files = (
			);
			runOnlyForDeploymentPostprocessing = 0;
		};
/* End PBXResourcesBuildPhase section */

/* Begin PBXShellScriptBuildPhase section */
		2296535C9C3719822081BDAB /* [CP] Embed Pods Frameworks */ = {
			isa = PBXShellScriptBuildPhase;
			buildActionMask = 2147483647;
			files = (
			);
			inputPaths = (
			);
			name = "[CP] Embed Pods Frameworks";
			outputPaths = (
			);
			runOnlyForDeploymentPostprocessing = 0;
			shellPath = /bin/sh;
			shellScript = "\"${SRCROOT}/Pods/Target Support Files/Pods-EventsAppVIT/Pods-EventsAppVIT-frameworks.sh\"\n";
			showEnvVarsInLog = 0;
		};
		3B0B04467516D4D04D549DF6 /* [CP] Copy Pods Resources */ = {
			isa = PBXShellScriptBuildPhase;
			buildActionMask = 2147483647;
			files = (
			);
			inputPaths = (
			);
			name = "[CP] Copy Pods Resources";
			outputPaths = (
			);
			runOnlyForDeploymentPostprocessing = 0;
			shellPath = /bin/sh;
			shellScript = "\"${SRCROOT}/Pods/Target Support Files/Pods-EventsAppVIT/Pods-EventsAppVIT-resources.sh\"\n";
			showEnvVarsInLog = 0;
		};
		54021226E655172272948CC9 /* [CP] Check Pods Manifest.lock */ = {
			isa = PBXShellScriptBuildPhase;
			buildActionMask = 2147483647;
			files = (
			);
			inputPaths = (
			);
			name = "[CP] Check Pods Manifest.lock";
			outputPaths = (
			);
			runOnlyForDeploymentPostprocessing = 0;
			shellPath = /bin/sh;
			shellScript = "diff \"${PODS_ROOT}/../Podfile.lock\" \"${PODS_ROOT}/Manifest.lock\" > /dev/null\nif [ $? != 0 ] ; then\n    # print error to STDERR\n    echo \"error: The sandbox is not in sync with the Podfile.lock. Run 'pod install' or update your CocoaPods installation.\" >&2\n    exit 1\nfi\n";
			showEnvVarsInLog = 0;
		};
/* End PBXShellScriptBuildPhase section */

/* Begin PBXSourcesBuildPhase section */
		9FBEEFFC1E27DCAD008DEAB0 /* Sources */ = {
			isa = PBXSourcesBuildPhase;
			buildActionMask = 2147483647;
			files = (
				9FE345901E2C447C007CA722 /* LikedViewController.swift in Sources */,
				9FBEF0061E27DCAD008DEAB0 /* ViewController.swift in Sources */,
				9FE345861E2AC4E3007CA722 /* NewsFeedTableViewController.swift in Sources */,
				9FFF192F1E2EAF1D00833D56 /* MainViewController.swift in Sources */,
				9FE3458C1E2BA644007CA722 /* NewsFeedCollectionViewCell.swift in Sources */,
				9FBEF0041E27DCAD008DEAB0 /* AppDelegate.swift in Sources */,
				9FE345921E2CB9DA007CA722 /* DemoCell.swift in Sources */,
				9FE3458A1E2B742E007CA722 /* ClubsTableViewController.swift in Sources */,
				9FFF19351E3013D700833D56 /* EventTransition.swift in Sources */,
				9FFF19251E2CCA3600833D56 /* FoldingCell.swift in Sources */,
				9FFF193E1E32A1BB00833D56 /* DataModel.xcdatamodeld in Sources */,
				9FFF192D1E2E31FD00833D56 /* EventCardTableViewCell.swift in Sources */,
				9FFF19371E3014DA00833D56 /* DetailedEventViewController.swift in Sources */,
			);
			runOnlyForDeploymentPostprocessing = 0;
		};
		9FBEF0101E27DCAD008DEAB0 /* Sources */ = {
			isa = PBXSourcesBuildPhase;
			buildActionMask = 2147483647;
			files = (
				9FBEF0191E27DCAD008DEAB0 /* EventsAppVITTests.swift in Sources */,
			);
			runOnlyForDeploymentPostprocessing = 0;
		};
		9FBEF01B1E27DCAD008DEAB0 /* Sources */ = {
			isa = PBXSourcesBuildPhase;
			buildActionMask = 2147483647;
			files = (
				9FBEF0241E27DCAD008DEAB0 /* EventsAppVITUITests.swift in Sources */,
			);
			runOnlyForDeploymentPostprocessing = 0;
		};
/* End PBXSourcesBuildPhase section */

/* Begin PBXTargetDependency section */
		9FBEF0161E27DCAD008DEAB0 /* PBXTargetDependency */ = {
			isa = PBXTargetDependency;
			target = 9FBEEFFF1E27DCAD008DEAB0 /* EventsAppVIT */;
			targetProxy = 9FBEF0151E27DCAD008DEAB0 /* PBXContainerItemProxy */;
		};
		9FBEF0211E27DCAD008DEAB0 /* PBXTargetDependency */ = {
			isa = PBXTargetDependency;
			target = 9FBEEFFF1E27DCAD008DEAB0 /* EventsAppVIT */;
			targetProxy = 9FBEF0201E27DCAD008DEAB0 /* PBXContainerItemProxy */;
		};
/* End PBXTargetDependency section */

/* Begin PBXVariantGroup section */
		9FBEF0071E27DCAD008DEAB0 /* Main.storyboard */ = {
			isa = PBXVariantGroup;
			children = (
				9FBEF0081E27DCAD008DEAB0 /* Base */,
			);
			name = Main.storyboard;
			sourceTree = "<group>";
		};
		9FBEF00C1E27DCAD008DEAB0 /* LaunchScreen.storyboard */ = {
			isa = PBXVariantGroup;
			children = (
				9FBEF00D1E27DCAD008DEAB0 /* Base */,
			);
			name = LaunchScreen.storyboard;
			sourceTree = "<group>";
		};
/* End PBXVariantGroup section */

/* Begin XCBuildConfiguration section */
		9FBEF0261E27DCAD008DEAB0 /* Debug */ = {
			isa = XCBuildConfiguration;
			buildSettings = {
				ALWAYS_SEARCH_USER_PATHS = NO;
				CLANG_ANALYZER_NONNULL = YES;
				CLANG_CXX_LANGUAGE_STANDARD = "gnu++0x";
				CLANG_CXX_LIBRARY = "libc++";
				CLANG_ENABLE_MODULES = YES;
				CLANG_ENABLE_OBJC_ARC = YES;
				CLANG_WARN_BOOL_CONVERSION = YES;
				CLANG_WARN_CONSTANT_CONVERSION = YES;
				CLANG_WARN_DIRECT_OBJC_ISA_USAGE = YES_ERROR;
				CLANG_WARN_DOCUMENTATION_COMMENTS = YES;
				CLANG_WARN_EMPTY_BODY = YES;
				CLANG_WARN_ENUM_CONVERSION = YES;
				CLANG_WARN_INFINITE_RECURSION = YES;
				CLANG_WARN_INT_CONVERSION = YES;
				CLANG_WARN_OBJC_ROOT_CLASS = YES_ERROR;
				CLANG_WARN_SUSPICIOUS_MOVE = YES;
				CLANG_WARN_UNREACHABLE_CODE = YES;
				CLANG_WARN__DUPLICATE_METHOD_MATCH = YES;
				"CODE_SIGN_IDENTITY[sdk=iphoneos*]" = "iPhone Developer";
				COPY_PHASE_STRIP = NO;
				DEBUG_INFORMATION_FORMAT = dwarf;
				ENABLE_STRICT_OBJC_MSGSEND = YES;
				ENABLE_TESTABILITY = YES;
				GCC_C_LANGUAGE_STANDARD = gnu99;
				GCC_DYNAMIC_NO_PIC = NO;
				GCC_NO_COMMON_BLOCKS = YES;
				GCC_OPTIMIZATION_LEVEL = 0;
				GCC_PREPROCESSOR_DEFINITIONS = (
					"DEBUG=1",
					"$(inherited)",
				);
				GCC_WARN_64_TO_32_BIT_CONVERSION = YES;
				GCC_WARN_ABOUT_RETURN_TYPE = YES_ERROR;
				GCC_WARN_UNDECLARED_SELECTOR = YES;
				GCC_WARN_UNINITIALIZED_AUTOS = YES_AGGRESSIVE;
				GCC_WARN_UNUSED_FUNCTION = YES;
				GCC_WARN_UNUSED_VARIABLE = YES;
				IPHONEOS_DEPLOYMENT_TARGET = 10.2;
				MTL_ENABLE_DEBUG_INFO = YES;
				ONLY_ACTIVE_ARCH = YES;
				SDKROOT = iphoneos;
				SWIFT_ACTIVE_COMPILATION_CONDITIONS = DEBUG;
				SWIFT_OPTIMIZATION_LEVEL = "-Onone";
			};
			name = Debug;
		};
		9FBEF0271E27DCAD008DEAB0 /* Release */ = {
			isa = XCBuildConfiguration;
			buildSettings = {
				ALWAYS_SEARCH_USER_PATHS = NO;
				CLANG_ANALYZER_NONNULL = YES;
				CLANG_CXX_LANGUAGE_STANDARD = "gnu++0x";
				CLANG_CXX_LIBRARY = "libc++";
				CLANG_ENABLE_MODULES = YES;
				CLANG_ENABLE_OBJC_ARC = YES;
				CLANG_WARN_BOOL_CONVERSION = YES;
				CLANG_WARN_CONSTANT_CONVERSION = YES;
				CLANG_WARN_DIRECT_OBJC_ISA_USAGE = YES_ERROR;
				CLANG_WARN_DOCUMENTATION_COMMENTS = YES;
				CLANG_WARN_EMPTY_BODY = YES;
				CLANG_WARN_ENUM_CONVERSION = YES;
				CLANG_WARN_INFINITE_RECURSION = YES;
				CLANG_WARN_INT_CONVERSION = YES;
				CLANG_WARN_OBJC_ROOT_CLASS = YES_ERROR;
				CLANG_WARN_SUSPICIOUS_MOVE = YES;
				CLANG_WARN_UNREACHABLE_CODE = YES;
				CLANG_WARN__DUPLICATE_METHOD_MATCH = YES;
				"CODE_SIGN_IDENTITY[sdk=iphoneos*]" = "iPhone Developer";
				COPY_PHASE_STRIP = NO;
				DEBUG_INFORMATION_FORMAT = "dwarf-with-dsym";
				ENABLE_NS_ASSERTIONS = NO;
				ENABLE_STRICT_OBJC_MSGSEND = YES;
				GCC_C_LANGUAGE_STANDARD = gnu99;
				GCC_NO_COMMON_BLOCKS = YES;
				GCC_WARN_64_TO_32_BIT_CONVERSION = YES;
				GCC_WARN_ABOUT_RETURN_TYPE = YES_ERROR;
				GCC_WARN_UNDECLARED_SELECTOR = YES;
				GCC_WARN_UNINITIALIZED_AUTOS = YES_AGGRESSIVE;
				GCC_WARN_UNUSED_FUNCTION = YES;
				GCC_WARN_UNUSED_VARIABLE = YES;
				IPHONEOS_DEPLOYMENT_TARGET = 10.2;
				MTL_ENABLE_DEBUG_INFO = NO;
				SDKROOT = iphoneos;
				SWIFT_OPTIMIZATION_LEVEL = "-Owholemodule";
				VALIDATE_PRODUCT = YES;
			};
			name = Release;
		};
		9FBEF0291E27DCAD008DEAB0 /* Debug */ = {
			isa = XCBuildConfiguration;
			baseConfigurationReference = FA067B429394D4D8EF5A6354 /* Pods-EventsAppVIT.debug.xcconfig */;
			buildSettings = {
				ASSETCATALOG_COMPILER_APPICON_NAME = AppIcon;
				DEVELOPMENT_TEAM = FNXNAMCZQB;
				INFOPLIST_FILE = EventsAppVIT/Info.plist;
				IPHONEOS_DEPLOYMENT_TARGET = 9.0;
				LD_RUNPATH_SEARCH_PATHS = "$(inherited) @executable_path/Frameworks";
				PRODUCT_BUNDLE_IDENTIFIER = com.Team.EventsAppVIT;
				PRODUCT_NAME = "$(TARGET_NAME)";
				SWIFT_VERSION = 3.0;
			};
			name = Debug;
		};
		9FBEF02A1E27DCAD008DEAB0 /* Release */ = {
			isa = XCBuildConfiguration;
			baseConfigurationReference = 5650037459066490A56B7CD5 /* Pods-EventsAppVIT.release.xcconfig */;
			buildSettings = {
				ASSETCATALOG_COMPILER_APPICON_NAME = AppIcon;
				DEVELOPMENT_TEAM = FNXNAMCZQB;
				INFOPLIST_FILE = EventsAppVIT/Info.plist;
				IPHONEOS_DEPLOYMENT_TARGET = 9.0;
				LD_RUNPATH_SEARCH_PATHS = "$(inherited) @executable_path/Frameworks";
				PRODUCT_BUNDLE_IDENTIFIER = com.Team.EventsAppVIT;
				PRODUCT_NAME = "$(TARGET_NAME)";
				SWIFT_VERSION = 3.0;
			};
			name = Release;
		};
		9FBEF02C1E27DCAD008DEAB0 /* Debug */ = {
			isa = XCBuildConfiguration;
			buildSettings = {
				ALWAYS_EMBED_SWIFT_STANDARD_LIBRARIES = YES;
				BUNDLE_LOADER = "$(TEST_HOST)";
				INFOPLIST_FILE = EventsAppVITTests/Info.plist;
				LD_RUNPATH_SEARCH_PATHS = "$(inherited) @executable_path/Frameworks @loader_path/Frameworks";
				PRODUCT_BUNDLE_IDENTIFIER = com.Samples.asd.EventsAppVITTests;
				PRODUCT_NAME = "$(TARGET_NAME)";
				SWIFT_VERSION = 3.0;
				TEST_HOST = "$(BUILT_PRODUCTS_DIR)/EventsAppVIT.app/EventsAppVIT";
			};
			name = Debug;
		};
		9FBEF02D1E27DCAD008DEAB0 /* Release */ = {
			isa = XCBuildConfiguration;
			buildSettings = {
				ALWAYS_EMBED_SWIFT_STANDARD_LIBRARIES = YES;
				BUNDLE_LOADER = "$(TEST_HOST)";
				INFOPLIST_FILE = EventsAppVITTests/Info.plist;
				LD_RUNPATH_SEARCH_PATHS = "$(inherited) @executable_path/Frameworks @loader_path/Frameworks";
				PRODUCT_BUNDLE_IDENTIFIER = com.Samples.asd.EventsAppVITTests;
				PRODUCT_NAME = "$(TARGET_NAME)";
				SWIFT_VERSION = 3.0;
				TEST_HOST = "$(BUILT_PRODUCTS_DIR)/EventsAppVIT.app/EventsAppVIT";
			};
			name = Release;
		};
		9FBEF02F1E27DCAD008DEAB0 /* Debug */ = {
			isa = XCBuildConfiguration;
			buildSettings = {
				ALWAYS_EMBED_SWIFT_STANDARD_LIBRARIES = YES;
				INFOPLIST_FILE = EventsAppVITUITests/Info.plist;
				LD_RUNPATH_SEARCH_PATHS = "$(inherited) @executable_path/Frameworks @loader_path/Frameworks";
				PRODUCT_BUNDLE_IDENTIFIER = com.Samples.asd.EventsAppVITUITests;
				PRODUCT_NAME = "$(TARGET_NAME)";
				SWIFT_VERSION = 3.0;
				TEST_TARGET_NAME = EventsAppVIT;
			};
			name = Debug;
		};
		9FBEF0301E27DCAD008DEAB0 /* Release */ = {
			isa = XCBuildConfiguration;
			buildSettings = {
				ALWAYS_EMBED_SWIFT_STANDARD_LIBRARIES = YES;
				INFOPLIST_FILE = EventsAppVITUITests/Info.plist;
				LD_RUNPATH_SEARCH_PATHS = "$(inherited) @executable_path/Frameworks @loader_path/Frameworks";
				PRODUCT_BUNDLE_IDENTIFIER = com.Samples.asd.EventsAppVITUITests;
				PRODUCT_NAME = "$(TARGET_NAME)";
				SWIFT_VERSION = 3.0;
				TEST_TARGET_NAME = EventsAppVIT;
			};
			name = Release;
		};
/* End XCBuildConfiguration section */

/* Begin XCConfigurationList section */
		9FBEEFFB1E27DCAD008DEAB0 /* Build configuration list for PBXProject "EventsAppVIT" */ = {
			isa = XCConfigurationList;
			buildConfigurations = (
				9FBEF0261E27DCAD008DEAB0 /* Debug */,
				9FBEF0271E27DCAD008DEAB0 /* Release */,
			);
			defaultConfigurationIsVisible = 0;
			defaultConfigurationName = Release;
		};
		9FBEF0281E27DCAD008DEAB0 /* Build configuration list for PBXNativeTarget "EventsAppVIT" */ = {
			isa = XCConfigurationList;
			buildConfigurations = (
				9FBEF0291E27DCAD008DEAB0 /* Debug */,
				9FBEF02A1E27DCAD008DEAB0 /* Release */,
			);
			defaultConfigurationIsVisible = 0;
			defaultConfigurationName = Release;
		};
		9FBEF02B1E27DCAD008DEAB0 /* Build configuration list for PBXNativeTarget "EventsAppVITTests" */ = {
			isa = XCConfigurationList;
			buildConfigurations = (
				9FBEF02C1E27DCAD008DEAB0 /* Debug */,
				9FBEF02D1E27DCAD008DEAB0 /* Release */,
			);
			defaultConfigurationIsVisible = 0;
			defaultConfigurationName = Release;
		};
		9FBEF02E1E27DCAD008DEAB0 /* Build configuration list for PBXNativeTarget "EventsAppVITUITests" */ = {
			isa = XCConfigurationList;
			buildConfigurations = (
				9FBEF02F1E27DCAD008DEAB0 /* Debug */,
				9FBEF0301E27DCAD008DEAB0 /* Release */,
			);
			defaultConfigurationIsVisible = 0;
			defaultConfigurationName = Release;
		};
/* End XCConfigurationList section */

/* Begin XCVersionGroup section */
		9FFF193C1E32A1BB00833D56 /* DataModel.xcdatamodeld */ = {
			isa = XCVersionGroup;
			children = (
				9FFF193D1E32A1BB00833D56 /* DataModel.xcdatamodel */,
			);
			currentVersion = 9FFF193D1E32A1BB00833D56 /* DataModel.xcdatamodel */;
			path = DataModel.xcdatamodeld;
			sourceTree = "<group>";
			versionGroupType = wrapper.xcdatamodel;
		};
/* End XCVersionGroup section */
	};
	rootObject = 9FBEEFF81E27DCAD008DEAB0 /* Project object */;
}
